dependencies:
- name: memcached
  repository: https://charts.bitnami.com/bitnami
  version: 5.13.0
- name: postgresql-ha
  repository: https://charts.bitnami.com/bitnami
  version: 6.3.7
digest: sha256:f042928bcad16ddcdc9aa7a112907803fbce880c35665dd905049e41daf94b20
generated: "2021-06-23T20:25:44.117275875+01:00"
