dependencies:
- name: memcached
  repository: https://charts.bitnami.com/bitnami
  version: 6.0.22
- name: postgresql-ha
  repository: https://charts.bitnami.com/bitnami
  version: 9.0.13
digest: sha256:65fd54380aa14cca52084f9d118e51c6ea44a6c6a524d51e6d63634aeb290201
generated: "2022-06-04T18:07:20.19794008+01:00"
